// !$*UTF8*$!
{
	archiveVersion = 1;
	classes = {
	};
	objectVersion = 56;
	objects = {

/* Begin PBXBuildFile section */
		392A771A2B919B1D0013CCC2 /* CameraView.swift in Sources */ = {isa = PBXBuildFile; fileRef = 392A77192B919B1D0013CCC2 /* CameraView.swift */; };
		394102DC2B8DC3B600410009 /* OrderOverviewView.swift in Sources */ = {isa = PBXBuildFile; fileRef = 394102DB2B8DC3B600410009 /* OrderOverviewView.swift */; };
		394102DE2B8DD34B00410009 /* RecepitView.swift in Sources */ = {isa = PBXBuildFile; fileRef = 394102DD2B8DD34B00410009 /* RecepitView.swift */; };
		396C857D2B9838AC0074C1C6 /* AddressView.swift in Sources */ = {isa = PBXBuildFile; fileRef = 396C857C2B9838AC0074C1C6 /* AddressView.swift */; };
		396C857F2B98B5450074C1C6 /* CheckoutView.swift in Sources */ = {isa = PBXBuildFile; fileRef = 396C857E2B98B5440074C1C6 /* CheckoutView.swift */; };
		397D4D772B8E58400096DE21 /* OrderDetailViewModel.swift in Sources */ = {isa = PBXBuildFile; fileRef = 397D4D762B8E58400096DE21 /* OrderDetailViewModel.swift */; };
		BCFEEEA22B8B67500060DFB5 /* wasshaApp.swift in Sources */ = {isa = PBXBuildFile; fileRef = BCFEEEA12B8B67500060DFB5 /* wasshaApp.swift */; };
		BCFEEEA42B8B67500060DFB5 /* ContentView.swift in Sources */ = {isa = PBXBuildFile; fileRef = BCFEEEA32B8B67500060DFB5 /* ContentView.swift */; };
		BCFEEEA62B8B67520060DFB5 /* Assets.xcassets in Resources */ = {isa = PBXBuildFile; fileRef = BCFEEEA52B8B67520060DFB5 /* Assets.xcassets */; };
		BCFEEEA92B8B67520060DFB5 /* Preview Assets.xcassets in Resources */ = {isa = PBXBuildFile; fileRef = BCFEEEA82B8B67520060DFB5 /* Preview Assets.xcassets */; };
		BCFEEEB72B8B68B80060DFB5 /* modeltest.swift in Sources */ = {isa = PBXBuildFile; fileRef = BCFEEEB62B8B68B80060DFB5 /* modeltest.swift */; };
		BCFEEEB92B8B68C00060DFB5 /* viewmodeltest.swift in Sources */ = {isa = PBXBuildFile; fileRef = BCFEEEB82B8B68C00060DFB5 /* viewmodeltest.swift */; };
		BCFEEEBB2B8B68C70060DFB5 /* categorytest.swift in Sources */ = {isa = PBXBuildFile; fileRef = BCFEEEBA2B8B68C70060DFB5 /* categorytest.swift */; };
		BCFEEEBD2B8B68D30060DFB5 /* searchtest.swift in Sources */ = {isa = PBXBuildFile; fileRef = BCFEEEBC2B8B68D30060DFB5 /* searchtest.swift */; };
		BCFEEEBF2B8B68D70060DFB5 /* hometest.swift in Sources */ = {isa = PBXBuildFile; fileRef = BCFEEEBE2B8B68D70060DFB5 /* hometest.swift */; };
		BCFEEEC12B8B68E00060DFB5 /* settingtest.swift in Sources */ = {isa = PBXBuildFile; fileRef = BCFEEEC02B8B68E00060DFB5 /* settingtest.swift */; };
		BCFEEEC32B8B68EC0060DFB5 /* viewtest.swift in Sources */ = {isa = PBXBuildFile; fileRef = BCFEEEC22B8B68EC0060DFB5 /* viewtest.swift */; };
/* End PBXBuildFile section */

/* Begin PBXFileReference section */
		392A77192B919B1D0013CCC2 /* CameraView.swift */ = {isa = PBXFileReference; lastKnownFileType = sourcecode.swift; path = CameraView.swift; sourceTree = "<group>"; };
		394102DB2B8DC3B600410009 /* OrderOverviewView.swift */ = {isa = PBXFileReference; lastKnownFileType = sourcecode.swift; path = OrderOverviewView.swift; sourceTree = "<group>"; };
		394102DD2B8DD34B00410009 /* RecepitView.swift */ = {isa = PBXFileReference; lastKnownFileType = sourcecode.swift; path = RecepitView.swift; sourceTree = "<group>"; };
		396C857C2B9838AC0074C1C6 /* AddressView.swift */ = {isa = PBXFileReference; lastKnownFileType = sourcecode.swift; path = AddressView.swift; sourceTree = "<group>"; };
		396C857E2B98B5440074C1C6 /* CheckoutView.swift */ = {isa = PBXFileReference; lastKnownFileType = sourcecode.swift; path = CheckoutView.swift; sourceTree = "<group>"; };
		397D4D762B8E58400096DE21 /* OrderDetailViewModel.swift */ = {isa = PBXFileReference; lastKnownFileType = sourcecode.swift; path = OrderDetailViewModel.swift; sourceTree = "<group>"; };
		BCFEEE9E2B8B67500060DFB5 /* wassha.app */ = {isa = PBXFileReference; explicitFileType = wrapper.application; includeInIndex = 0; path = wassha.app; sourceTree = BUILT_PRODUCTS_DIR; };
		BCFEEEA12B8B67500060DFB5 /* wasshaApp.swift */ = {isa = PBXFileReference; lastKnownFileType = sourcecode.swift; path = wasshaApp.swift; sourceTree = "<group>"; };
		BCFEEEA32B8B67500060DFB5 /* ContentView.swift */ = {isa = PBXFileReference; lastKnownFileType = sourcecode.swift; path = ContentView.swift; sourceTree = "<group>"; };
		BCFEEEA52B8B67520060DFB5 /* Assets.xcassets */ = {isa = PBXFileReference; lastKnownFileType = folder.assetcatalog; path = Assets.xcassets; sourceTree = "<group>"; };
		BCFEEEA82B8B67520060DFB5 /* Preview Assets.xcassets */ = {isa = PBXFileReference; lastKnownFileType = folder.assetcatalog; path = "Preview Assets.xcassets"; sourceTree = "<group>"; };
		BCFEEEB62B8B68B80060DFB5 /* modeltest.swift */ = {isa = PBXFileReference; lastKnownFileType = sourcecode.swift; path = modeltest.swift; sourceTree = "<group>"; };
		BCFEEEB82B8B68C00060DFB5 /* viewmodeltest.swift */ = {isa = PBXFileReference; lastKnownFileType = sourcecode.swift; path = viewmodeltest.swift; sourceTree = "<group>"; };
		BCFEEEBA2B8B68C70060DFB5 /* categorytest.swift */ = {isa = PBXFileReference; lastKnownFileType = sourcecode.swift; path = categorytest.swift; sourceTree = "<group>"; };
		BCFEEEBC2B8B68D30060DFB5 /* searchtest.swift */ = {isa = PBXFileReference; lastKnownFileType = sourcecode.swift; path = searchtest.swift; sourceTree = "<group>"; };
		BCFEEEBE2B8B68D70060DFB5 /* hometest.swift */ = {isa = PBXFileReference; lastKnownFileType = sourcecode.swift; path = hometest.swift; sourceTree = "<group>"; };
		BCFEEEC02B8B68E00060DFB5 /* settingtest.swift */ = {isa = PBXFileReference; lastKnownFileType = sourcecode.swift; path = settingtest.swift; sourceTree = "<group>"; };
		BCFEEEC22B8B68EC0060DFB5 /* viewtest.swift */ = {isa = PBXFileReference; lastKnownFileType = sourcecode.swift; path = viewtest.swift; sourceTree = "<group>"; };
/* End PBXFileReference section */

/* Begin PBXFrameworksBuildPhase section */
		BCFEEE9B2B8B67500060DFB5 /* Frameworks */ = {
			isa = PBXFrameworksBuildPhase;
			buildActionMask = 2147483647;
			files = (
			);
			runOnlyForDeploymentPostprocessing = 0;
		};
/* End PBXFrameworksBuildPhase section */

/* Begin PBXGroup section */
		394102DA2B8DC38300410009 /* Kelvin */ = {
			isa = PBXGroup;
			children = (
				397D4D752B8E58310096DE21 /* ViewModel */,
				394102DB2B8DC3B600410009 /* OrderOverviewView.swift */,
				394102DD2B8DD34B00410009 /* RecepitView.swift */,
				392A77192B919B1D0013CCC2 /* CameraView.swift */,
				396C857C2B9838AC0074C1C6 /* AddressView.swift */,
				396C857E2B98B5440074C1C6 /* CheckoutView.swift */,
			);
			path = Kelvin;
			sourceTree = "<group>";
		};
		397D4D752B8E58310096DE21 /* ViewModel */ = {
			isa = PBXGroup;
			children = (
				397D4D762B8E58400096DE21 /* OrderDetailViewModel.swift */,
			);
			path = ViewModel;
			sourceTree = "<group>";
		};
		BCFEEE952B8B67500060DFB5 = {
			isa = PBXGroup;
			children = (
				BCFEEEA02B8B67500060DFB5 /* wassha */,
				BCFEEE9F2B8B67500060DFB5 /* Products */,
			);
			sourceTree = "<group>";
		};
		BCFEEE9F2B8B67500060DFB5 /* Products */ = {
			isa = PBXGroup;
			children = (
				BCFEEE9E2B8B67500060DFB5 /* wassha.app */,
			);
			name = Products;
			sourceTree = "<group>";
		};
		BCFEEEA02B8B67500060DFB5 /* wassha */ = {
			isa = PBXGroup;
			children = (
				394102DA2B8DC38300410009 /* Kelvin */,
				BCFEEEB12B8B676E0060DFB5 /* Model */,
				BCFEEEB02B8B67650060DFB5 /* ViewModel */,
				BCFEEEAF2B8B675E0060DFB5 /* View */,
				BCFEEEA12B8B67500060DFB5 /* wasshaApp.swift */,
				BCFEEEA32B8B67500060DFB5 /* ContentView.swift */,
				BCFEEEA52B8B67520060DFB5 /* Assets.xcassets */,
				BCFEEEA72B8B67520060DFB5 /* Preview Content */,
			);
			path = wassha;
			sourceTree = "<group>";
		};
		BCFEEEA72B8B67520060DFB5 /* Preview Content */ = {
			isa = PBXGroup;
			children = (
				BCFEEEA82B8B67520060DFB5 /* Preview Assets.xcassets */,
			);
			path = "Preview Content";
			sourceTree = "<group>";
		};
		BCFEEEAF2B8B675E0060DFB5 /* View */ = {
			isa = PBXGroup;
			children = (
				BCFEEEB52B8B67960060DFB5 /* Category */,
				BCFEEEB42B8B678E0060DFB5 /* Search */,
				BCFEEEB32B8B67890060DFB5 /* Home */,
				BCFEEEB22B8B677C0060DFB5 /* Setting */,
				BCFEEEC22B8B68EC0060DFB5 /* viewtest.swift */,
			);
			path = View;
			sourceTree = "<group>";
		};
		BCFEEEB02B8B67650060DFB5 /* ViewModel */ = {
			isa = PBXGroup;
			children = (
				BCFEEEB82B8B68C00060DFB5 /* viewmodeltest.swift */,
			);
			path = ViewModel;
			sourceTree = "<group>";
		};
		BCFEEEB12B8B676E0060DFB5 /* Model */ = {
			isa = PBXGroup;
			children = (
				BCFEEEB62B8B68B80060DFB5 /* modeltest.swift */,
			);
			path = Model;
			sourceTree = "<group>";
		};
		BCFEEEB22B8B677C0060DFB5 /* Setting */ = {
			isa = PBXGroup;
			children = (
				BCFEEEC02B8B68E00060DFB5 /* settingtest.swift */,
			);
			path = Setting;
			sourceTree = "<group>";
		};
		BCFEEEB32B8B67890060DFB5 /* Home */ = {
			isa = PBXGroup;
			children = (
				BCFEEEBE2B8B68D70060DFB5 /* hometest.swift */,
			);
			path = Home;
			sourceTree = "<group>";
		};
		BCFEEEB42B8B678E0060DFB5 /* Search */ = {
			isa = PBXGroup;
			children = (
				BCFEEEBC2B8B68D30060DFB5 /* searchtest.swift */,
			);
			path = Search;
			sourceTree = "<group>";
		};
		BCFEEEB52B8B67960060DFB5 /* Category */ = {
			isa = PBXGroup;
			children = (
				BCFEEEBA2B8B68C70060DFB5 /* categorytest.swift */,
			);
			path = Category;
			sourceTree = "<group>";
		};
/* End PBXGroup section */

/* Begin PBXNativeTarget section */
		BCFEEE9D2B8B67500060DFB5 /* wassha */ = {
			isa = PBXNativeTarget;
			buildConfigurationList = BCFEEEAC2B8B67520060DFB5 /* Build configuration list for PBXNativeTarget "wassha" */;
			buildPhases = (
				BCFEEE9A2B8B67500060DFB5 /* Sources */,
				BCFEEE9B2B8B67500060DFB5 /* Frameworks */,
				BCFEEE9C2B8B67500060DFB5 /* Resources */,
			);
			buildRules = (
			);
			dependencies = (
			);
			name = wassha;
			productName = wassha;
			productReference = BCFEEE9E2B8B67500060DFB5 /* wassha.app */;
			productType = "com.apple.product-type.application";
		};
/* End PBXNativeTarget section */

/* Begin PBXProject section */
		BCFEEE962B8B67500060DFB5 /* Project object */ = {
			isa = PBXProject;
			attributes = {
				BuildIndependentTargetsInParallel = 1;
				LastSwiftUpdateCheck = 1520;
				LastUpgradeCheck = 1520;
				TargetAttributes = {
					BCFEEE9D2B8B67500060DFB5 = {
						CreatedOnToolsVersion = 15.2;
					};
				};
			};
			buildConfigurationList = BCFEEE992B8B67500060DFB5 /* Build configuration list for PBXProject "wassha" */;
			compatibilityVersion = "Xcode 14.0";
			developmentRegion = en;
			hasScannedForEncodings = 0;
			knownRegions = (
				en,
				Base,
			);
			mainGroup = BCFEEE952B8B67500060DFB5;
			productRefGroup = BCFEEE9F2B8B67500060DFB5 /* Products */;
			projectDirPath = "";
			projectRoot = "";
			targets = (
				BCFEEE9D2B8B67500060DFB5 /* wassha */,
			);
		};
/* End PBXProject section */

/* Begin PBXResourcesBuildPhase section */
		BCFEEE9C2B8B67500060DFB5 /* Resources */ = {
			isa = PBXResourcesBuildPhase;
			buildActionMask = 2147483647;
			files = (
				BCFEEEA92B8B67520060DFB5 /* Preview Assets.xcassets in Resources */,
				BCFEEEA62B8B67520060DFB5 /* Assets.xcassets in Resources */,
			);
			runOnlyForDeploymentPostprocessing = 0;
		};
/* End PBXResourcesBuildPhase section */

/* Begin PBXSourcesBuildPhase section */
		BCFEEE9A2B8B67500060DFB5 /* Sources */ = {
			isa = PBXSourcesBuildPhase;
			buildActionMask = 2147483647;
			files = (
				394102DE2B8DD34B00410009 /* RecepitView.swift in Sources */,
				BCFEEEC32B8B68EC0060DFB5 /* viewtest.swift in Sources */,
				396C857F2B98B5450074C1C6 /* CheckoutView.swift in Sources */,
				392A771A2B919B1D0013CCC2 /* CameraView.swift in Sources */,
				BCFEEEA42B8B67500060DFB5 /* ContentView.swift in Sources */,
				397D4D772B8E58400096DE21 /* OrderDetailViewModel.swift in Sources */,
				394102DC2B8DC3B600410009 /* OrderOverviewView.swift in Sources */,
				BCFEEEBB2B8B68C70060DFB5 /* categorytest.swift in Sources */,
				396C857D2B9838AC0074C1C6 /* AddressView.swift in Sources */,
				BCFEEEC12B8B68E00060DFB5 /* settingtest.swift in Sources */,
				BCFEEEBF2B8B68D70060DFB5 /* hometest.swift in Sources */,
				BCFEEEB72B8B68B80060DFB5 /* modeltest.swift in Sources */,
				BCFEEEBD2B8B68D30060DFB5 /* searchtest.swift in Sources */,
				BCFEEEB92B8B68C00060DFB5 /* viewmodeltest.swift in Sources */,
				BCFEEEA22B8B67500060DFB5 /* wasshaApp.swift in Sources */,
			);
			runOnlyForDeploymentPostprocessing = 0;
		};
/* End PBXSourcesBuildPhase section */

/* Begin XCBuildConfiguration section */
		BCFEEEAA2B8B67520060DFB5 /* Debug */ = {
			isa = XCBuildConfiguration;
			buildSettings = {
				ALWAYS_SEARCH_USER_PATHS = NO;
				ASSETCATALOG_COMPILER_GENERATE_SWIFT_ASSET_SYMBOL_EXTENSIONS = YES;
				CLANG_ANALYZER_NONNULL = YES;
				CLANG_ANALYZER_NUMBER_OBJECT_CONVERSION = YES_AGGRESSIVE;
				CLANG_CXX_LANGUAGE_STANDARD = "gnu++20";
				CLANG_ENABLE_MODULES = YES;
				CLANG_ENABLE_OBJC_ARC = YES;
				CLANG_ENABLE_OBJC_WEAK = YES;
				CLANG_WARN_BLOCK_CAPTURE_AUTORELEASING = YES;
				CLANG_WARN_BOOL_CONVERSION = YES;
				CLANG_WARN_COMMA = YES;
				CLANG_WARN_CONSTANT_CONVERSION = YES;
				CLANG_WARN_DEPRECATED_OBJC_IMPLEMENTATIONS = YES;
				CLANG_WARN_DIRECT_OBJC_ISA_USAGE = YES_ERROR;
				CLANG_WARN_DOCUMENTATION_COMMENTS = YES;
				CLANG_WARN_EMPTY_BODY = YES;
				CLANG_WARN_ENUM_CONVERSION = YES;
				CLANG_WARN_INFINITE_RECURSION = YES;
				CLANG_WARN_INT_CONVERSION = YES;
				CLANG_WARN_NON_LITERAL_NULL_CONVERSION = YES;
				CLANG_WARN_OBJC_IMPLICIT_RETAIN_SELF = YES;
				CLANG_WARN_OBJC_LITERAL_CONVERSION = YES;
				CLANG_WARN_OBJC_ROOT_CLASS = YES_ERROR;
				CLANG_WARN_QUOTED_INCLUDE_IN_FRAMEWORK_HEADER = YES;
				CLANG_WARN_RANGE_LOOP_ANALYSIS = YES;
				CLANG_WARN_STRICT_PROTOTYPES = YES;
				CLANG_WARN_SUSPICIOUS_MOVE = YES;
				CLANG_WARN_UNGUARDED_AVAILABILITY = YES_AGGRESSIVE;
				CLANG_WARN_UNREACHABLE_CODE = YES;
				CLANG_WARN__DUPLICATE_METHOD_MATCH = YES;
				COPY_PHASE_STRIP = NO;
				DEBUG_INFORMATION_FORMAT = dwarf;
				ENABLE_STRICT_OBJC_MSGSEND = YES;
				ENABLE_TESTABILITY = YES;
				ENABLE_USER_SCRIPT_SANDBOXING = YES;
				GCC_C_LANGUAGE_STANDARD = gnu17;
				GCC_DYNAMIC_NO_PIC = NO;
				GCC_NO_COMMON_BLOCKS = YES;
				GCC_OPTIMIZATION_LEVEL = 0;
				GCC_PREPROCESSOR_DEFINITIONS = (
					"DEBUG=1",
					"$(inherited)",
				);
				GCC_WARN_64_TO_32_BIT_CONVERSION = YES;
				GCC_WARN_ABOUT_RETURN_TYPE = YES_ERROR;
				GCC_WARN_UNDECLARED_SELECTOR = YES;
				GCC_WARN_UNINITIALIZED_AUTOS = YES_AGGRESSIVE;
				GCC_WARN_UNUSED_FUNCTION = YES;
				GCC_WARN_UNUSED_VARIABLE = YES;
				IPHONEOS_DEPLOYMENT_TARGET = 17.2;
				LOCALIZATION_PREFERS_STRING_CATALOGS = YES;
				MTL_ENABLE_DEBUG_INFO = INCLUDE_SOURCE;
				MTL_FAST_MATH = YES;
				ONLY_ACTIVE_ARCH = YES;
				SDKROOT = iphoneos;
				SWIFT_ACTIVE_COMPILATION_CONDITIONS = "DEBUG $(inherited)";
				SWIFT_OPTIMIZATION_LEVEL = "-Onone";
			};
			name = Debug;
		};
		BCFEEEAB2B8B67520060DFB5 /* Release */ = {
			isa = XCBuildConfiguration;
			buildSettings = {
				ALWAYS_SEARCH_USER_PATHS = NO;
				ASSETCATALOG_COMPILER_GENERATE_SWIFT_ASSET_SYMBOL_EXTENSIONS = YES;
				CLANG_ANALYZER_NONNULL = YES;
				CLANG_ANALYZER_NUMBER_OBJECT_CONVERSION = YES_AGGRESSIVE;
				CLANG_CXX_LANGUAGE_STANDARD = "gnu++20";
				CLANG_ENABLE_MODULES = YES;
				CLANG_ENABLE_OBJC_ARC = YES;
				CLANG_ENABLE_OBJC_WEAK = YES;
				CLANG_WARN_BLOCK_CAPTURE_AUTORELEASING = YES;
				CLANG_WARN_BOOL_CONVERSION = YES;
				CLANG_WARN_COMMA = YES;
				CLANG_WARN_CONSTANT_CONVERSION = YES;
				CLANG_WARN_DEPRECATED_OBJC_IMPLEMENTATIONS = YES;
				CLANG_WARN_DIRECT_OBJC_ISA_USAGE = YES_ERROR;
				CLANG_WARN_DOCUMENTATION_COMMENTS = YES;
				CLANG_WARN_EMPTY_BODY = YES;
				CLANG_WARN_ENUM_CONVERSION = YES;
				CLANG_WARN_INFINITE_RECURSION = YES;
				CLANG_WARN_INT_CONVERSION = YES;
				CLANG_WARN_NON_LITERAL_NULL_CONVERSION = YES;
				CLANG_WARN_OBJC_IMPLICIT_RETAIN_SELF = YES;
				CLANG_WARN_OBJC_LITERAL_CONVERSION = YES;
				CLANG_WARN_OBJC_ROOT_CLASS = YES_ERROR;
				CLANG_WARN_QUOTED_INCLUDE_IN_FRAMEWORK_HEADER = YES;
				CLANG_WARN_RANGE_LOOP_ANALYSIS = YES;
				CLANG_WARN_STRICT_PROTOTYPES = YES;
				CLANG_WARN_SUSPICIOUS_MOVE = YES;
				CLANG_WARN_UNGUARDED_AVAILABILITY = YES_AGGRESSIVE;
				CLANG_WARN_UNREACHABLE_CODE = YES;
				CLANG_WARN__DUPLICATE_METHOD_MATCH = YES;
				COPY_PHASE_STRIP = NO;
				DEBUG_INFORMATION_FORMAT = "dwarf-with-dsym";
				ENABLE_NS_ASSERTIONS = NO;
				ENABLE_STRICT_OBJC_MSGSEND = YES;
				ENABLE_USER_SCRIPT_SANDBOXING = YES;
				GCC_C_LANGUAGE_STANDARD = gnu17;
				GCC_NO_COMMON_BLOCKS = YES;
				GCC_WARN_64_TO_32_BIT_CONVERSION = YES;
				GCC_WARN_ABOUT_RETURN_TYPE = YES_ERROR;
				GCC_WARN_UNDECLARED_SELECTOR = YES;
				GCC_WARN_UNINITIALIZED_AUTOS = YES_AGGRESSIVE;
				GCC_WARN_UNUSED_FUNCTION = YES;
				GCC_WARN_UNUSED_VARIABLE = YES;
				IPHONEOS_DEPLOYMENT_TARGET = 17.2;
				LOCALIZATION_PREFERS_STRING_CATALOGS = YES;
				MTL_ENABLE_DEBUG_INFO = NO;
				MTL_FAST_MATH = YES;
				SDKROOT = iphoneos;
				SWIFT_COMPILATION_MODE = wholemodule;
				VALIDATE_PRODUCT = YES;
			};
			name = Release;
		};
		BCFEEEAD2B8B67520060DFB5 /* Debug */ = {
			isa = XCBuildConfiguration;
			buildSettings = {
				ASSETCATALOG_COMPILER_APPICON_NAME = AppIcon;
				ASSETCATALOG_COMPILER_GLOBAL_ACCENT_COLOR_NAME = AccentColor;
				CODE_SIGN_STYLE = Automatic;
				CURRENT_PROJECT_VERSION = 1;
				DEVELOPMENT_ASSET_PATHS = "\"wassha/Preview Content\"";
				DEVELOPMENT_TEAM = 27KRXYPLFN;
				ENABLE_PREVIEWS = YES;
				GENERATE_INFOPLIST_FILE = YES;
				INFOPLIST_KEY_NSCameraUsageDescription = "";
				INFOPLIST_KEY_UIApplicationSceneManifest_Generation = YES;
				INFOPLIST_KEY_UIApplicationSupportsIndirectInputEvents = YES;
				INFOPLIST_KEY_UILaunchScreen_Generation = YES;
				INFOPLIST_KEY_UISupportedInterfaceOrientations_iPad = "UIInterfaceOrientationPortrait UIInterfaceOrientationPortraitUpsideDown UIInterfaceOrientationLandscapeLeft UIInterfaceOrientationLandscapeRight";
				INFOPLIST_KEY_UISupportedInterfaceOrientations_iPhone = "UIInterfaceOrientationPortrait UIInterfaceOrientationLandscapeLeft UIInterfaceOrientationLandscapeRight";
				LD_RUNPATH_SEARCH_PATHS = (
					"$(inherited)",
					"@executable_path/Frameworks",
				);
				MARKETING_VERSION = 1.0;
				PRODUCT_BUNDLE_IDENTIFIER = com.tetrabyte.wassha1;
				PRODUCT_NAME = "$(TARGET_NAME)";
				SWIFT_EMIT_LOC_STRINGS = YES;
				SWIFT_VERSION = 5.0;
				TARGETED_DEVICE_FAMILY = "1,2";
			};
			name = Debug;
		};
		BCFEEEAE2B8B67520060DFB5 /* Release */ = {
			isa = XCBuildConfiguration;
			buildSettings = {
				ASSETCATALOG_COMPILER_APPICON_NAME = AppIcon;
				ASSETCATALOG_COMPILER_GLOBAL_ACCENT_COLOR_NAME = AccentColor;
				CODE_SIGN_STYLE = Automatic;
				CURRENT_PROJECT_VERSION = 1;
				DEVELOPMENT_ASSET_PATHS = "\"wassha/Preview Content\"";
				DEVELOPMENT_TEAM = 27KRXYPLFN;
				ENABLE_PREVIEWS = YES;
				GENERATE_INFOPLIST_FILE = YES;
				INFOPLIST_KEY_NSCameraUsageDescription = "";
				INFOPLIST_KEY_UIApplicationSceneManifest_Generation = YES;
				INFOPLIST_KEY_UIApplicationSupportsIndirectInputEvents = YES;
				INFOPLIST_KEY_UILaunchScreen_Generation = YES;
				INFOPLIST_KEY_UISupportedInterfaceOrientations_iPad = "UIInterfaceOrientationPortrait UIInterfaceOrientationPortraitUpsideDown UIInterfaceOrientationLandscapeLeft UIInterfaceOrientationLandscapeRight";
				INFOPLIST_KEY_UISupportedInterfaceOrientations_iPhone = "UIInterfaceOrientationPortrait UIInterfaceOrientationLandscapeLeft UIInterfaceOrientationLandscapeRight";
				LD_RUNPATH_SEARCH_PATHS = (
					"$(inherited)",
					"@executable_path/Frameworks",
				);
				MARKETING_VERSION = 1.0;
				PRODUCT_BUNDLE_IDENTIFIER = com.tetrabyte.wassha1;
				PRODUCT_NAME = "$(TARGET_NAME)";
				SWIFT_EMIT_LOC_STRINGS = YES;
				SWIFT_VERSION = 5.0;
				TARGETED_DEVICE_FAMILY = "1,2";
			};
			name = Release;
		};
/* End XCBuildConfiguration section */

/* Begin XCConfigurationList section */
		BCFEEE992B8B67500060DFB5 /* Build configuration list for PBXProject "wassha" */ = {
			isa = XCConfigurationList;
			buildConfigurations = (
				BCFEEEAA2B8B67520060DFB5 /* Debug */,
				BCFEEEAB2B8B67520060DFB5 /* Release */,
			);
			defaultConfigurationIsVisible = 0;
			defaultConfigurationName = Release;
		};
		BCFEEEAC2B8B67520060DFB5 /* Build configuration list for PBXNativeTarget "wassha" */ = {
			isa = XCConfigurationList;
			buildConfigurations = (
				BCFEEEAD2B8B67520060DFB5 /* Debug */,
				BCFEEEAE2B8B67520060DFB5 /* Release */,
			);
			defaultConfigurationIsVisible = 0;
			defaultConfigurationName = Release;
		};
/* End XCConfigurationList section */
	};
	rootObject = BCFEEE962B8B67500060DFB5 /* Project object */;
}
